
Microsoft Visual Studio Solution File, Format Version 12.00
# Visual Studio Version 17
VisualStudioVersion = 17.6.33829.357
MinimumVisualStudioVersion = 10.0.40219.1
Project("{8BC9CEB8-8B4A-11D0-8D11-00A0C91BC942}") = "LTCB_Tinhmenhgia", "LTCB_Tinhmenhgia\LTCB_Tinhmenhgia.vcxproj", "{655AD4D1-4016-44A2-A3F8-43ECEAA0A7FC}"
EndProject
Global
	GlobalSection(SolutionConfigurationPlatforms) = preSolution
		Debug|x64 = Debug|x64
		Debug|x86 = Debug|x86
		Release|x64 = Release|x64
		Release|x86 = Release|x86
	EndGlobalSection
	GlobalSection(ProjectConfigurationPlatforms) = postSolution
		{655AD4D1-4016-44A2-A3F8-43ECEAA0A7FC}.Debug|x64.ActiveCfg = Debug|x64
		{655AD4D1-4016-44A2-A3F8-43ECEAA0A7FC}.Debug|x64.Build.0 = Debug|x64
		{655AD4D1-4016-44A2-A3F8-43ECEAA0A7FC}.Debug|x86.ActiveCfg = Debug|Win32
		{655AD4D1-4016-44A2-A3F8-43ECEAA0A7FC}.Debug|x86.Build.0 = Debug|Win32
		{655AD4D1-4016-44A2-A3F8-43ECEAA0A7FC}.Release|x64.ActiveCfg = Release|x64
		{655AD4D1-4016-44A2-A3F8-43ECEAA0A7FC}.Release|x64.Build.0 = Release|x64
		{655AD4D1-4016-44A2-A3F8-43ECEAA0A7FC}.Release|x86.ActiveCfg = Release|Win32
		{655AD4D1-4016-44A2-A3F8-43ECEAA0A7FC}.Release|x86.Build.0 = Release|Win32
	EndGlobalSection
	GlobalSection(SolutionProperties) = preSolution
		HideSolutionNode = FALSE
	EndGlobalSection
	GlobalSection(ExtensibilityGlobals) = postSolution
		SolutionGuid = {B77116E1-B22E-48F1-AD89-8BC9E32E1B4A}
	EndGlobalSection
EndGlobal
